
Microsoft Visual Studio Solution File, Format Version 12.00
# Visual Studio Version 17
VisualStudioVersion = 17.0.31717.71
MinimumVisualStudioVersion = 10.0.40219.1
Project("{9A19103F-16F7-4668-BE54-9A1E7A4F7556}") = "Ab4d.SharpEngine.Samples.Android.Generic", "Ab4d.SharpEngine.Samples.Android.Generic\Ab4d.SharpEngine.Samples.Android.Generic.csproj", "{8FE15C98-D8FD-45A6-B391-7CFA86CBD322}"
EndProject
Global
	GlobalSection(SolutionConfigurationPlatforms) = preSolution
		Debug|Any CPU = Debug|Any CPU
		Release|Any CPU = Release|Any CPU
	EndGlobalSection
	GlobalSection(ProjectConfigurationPlatforms) = postSolution
		{8FE15C98-D8FD-45A6-B391-7CFA86CBD322}.Debug|Any CPU.ActiveCfg = Debug|Any CPU
		{8FE15C98-D8FD-45A6-B391-7CFA86CBD322}.Debug|Any CPU.Build.0 = Debug|Any CPU
		{8FE15C98-D8FD-45A6-B391-7CFA86CBD322}.Debug|Any CPU.Deploy.0 = Debug|Any CPU
		{8FE15C98-D8FD-45A6-B391-7CFA86CBD322}.Release|Any CPU.ActiveCfg = Release|Any CPU
		{8FE15C98-D8FD-45A6-B391-7CFA86CBD322}.Release|Any CPU.Build.0 = Release|Any CPU
		{8FE15C98-D8FD-45A6-B391-7CFA86CBD322}.Release|Any CPU.Deploy.0 = Release|Any CPU
	EndGlobalSection
	GlobalSection(SolutionProperties) = preSolution
		HideSolutionNode = FALSE
	EndGlobalSection
	GlobalSection(ExtensibilityGlobals) = postSolution
		SolutionGuid = {F8FAB2B2-5ACE-4749-A25D-C0F964CA67F9}
	EndGlobalSection
EndGlobal
