
Microsoft Visual Studio Solution File, Format Version 12.00
# Visual Studio Version 17
VisualStudioVersion = 17.0.31912.275
MinimumVisualStudioVersion = 17.0.7.1
Project("{9A19103F-16F7-4668-BE54-9A1E7A4F7556}") = "Ab4d.SharpEngine.Samples.CrossPlatform", "Ab4d.SharpEngine.Samples.CrossPlatform\Ab4d.SharpEngine.Samples.CrossPlatform.csproj", "{7A8E6285-54B7-400A-9E21-9D6B900753D6}"
EndProject
Project("{9A19103F-16F7-4668-BE54-9A1E7A4F7556}") = "Ab4d.StandardPresentation", "Ab4d.StandardPresentation\Ab4d.StandardPresentation\Ab4d.StandardPresentation.csproj", "{6CEA982C-584E-4E76-938F-7EE4381EDAE1}"
EndProject
Project("{9A19103F-16F7-4668-BE54-9A1E7A4F7556}") = "GlfwUI", "Ab4d.StandardPresentation\GlfwUI\GlfwUI.csproj", "{DDCFE830-B9A4-4EE7-BD03-D06D6FCCBD0D}"
EndProject
Project("{9A19103F-16F7-4668-BE54-9A1E7A4F7556}") = "SilkWindowingUI", "Ab4d.StandardPresentation\SilkWindowingUI\SilkWindowingUI.csproj", "{E05AF63B-7D2C-44C4-A5AC-18E33D176122}"
EndProject
Project("{9A19103F-16F7-4668-BE54-9A1E7A4F7556}") = "WinFormsUI", "Ab4d.StandardPresentation\WinFormsUI\WinFormsUI.csproj", "{9B46F068-7B05-4FEA-A132-D348A86C6F2B}"
EndProject
Project("{9A19103F-16F7-4668-BE54-9A1E7A4F7556}") = "WpfUI", "Ab4d.StandardPresentation\WpfUI\WpfUI.csproj", "{0F34CAD9-18B8-4236-B887-33CA0D8F3959}"
EndProject
Global
	GlobalSection(SolutionConfigurationPlatforms) = preSolution
		Debug|Any CPU = Debug|Any CPU
		Release|Any CPU = Release|Any CPU
	EndGlobalSection
	GlobalSection(ProjectConfigurationPlatforms) = postSolution
		{7A8E6285-54B7-400A-9E21-9D6B900753D6}.Debug|Any CPU.ActiveCfg = Debug|Any CPU
		{7A8E6285-54B7-400A-9E21-9D6B900753D6}.Debug|Any CPU.Build.0 = Debug|Any CPU
		{7A8E6285-54B7-400A-9E21-9D6B900753D6}.Release|Any CPU.ActiveCfg = Release|Any CPU
		{7A8E6285-54B7-400A-9E21-9D6B900753D6}.Release|Any CPU.Build.0 = Release|Any CPU
		{6CEA982C-584E-4E76-938F-7EE4381EDAE1}.Debug|Any CPU.ActiveCfg = Debug|Any CPU
		{6CEA982C-584E-4E76-938F-7EE4381EDAE1}.Debug|Any CPU.Build.0 = Debug|Any CPU
		{6CEA982C-584E-4E76-938F-7EE4381EDAE1}.Release|Any CPU.ActiveCfg = Release|Any CPU
		{6CEA982C-584E-4E76-938F-7EE4381EDAE1}.Release|Any CPU.Build.0 = Release|Any CPU
		{DDCFE830-B9A4-4EE7-BD03-D06D6FCCBD0D}.Debug|Any CPU.ActiveCfg = Debug|Any CPU
		{DDCFE830-B9A4-4EE7-BD03-D06D6FCCBD0D}.Debug|Any CPU.Build.0 = Debug|Any CPU
		{DDCFE830-B9A4-4EE7-BD03-D06D6FCCBD0D}.Release|Any CPU.ActiveCfg = Release|Any CPU
		{DDCFE830-B9A4-4EE7-BD03-D06D6FCCBD0D}.Release|Any CPU.Build.0 = Release|Any CPU
		{E05AF63B-7D2C-44C4-A5AC-18E33D176122}.Debug|Any CPU.ActiveCfg = Debug|Any CPU
		{E05AF63B-7D2C-44C4-A5AC-18E33D176122}.Debug|Any CPU.Build.0 = Debug|Any CPU
		{E05AF63B-7D2C-44C4-A5AC-18E33D176122}.Release|Any CPU.ActiveCfg = Release|Any CPU
		{E05AF63B-7D2C-44C4-A5AC-18E33D176122}.Release|Any CPU.Build.0 = Release|Any CPU
		{9B46F068-7B05-4FEA-A132-D348A86C6F2B}.Debug|Any CPU.ActiveCfg = Debug|Any CPU
		{9B46F068-7B05-4FEA-A132-D348A86C6F2B}.Debug|Any CPU.Build.0 = Debug|Any CPU
		{9B46F068-7B05-4FEA-A132-D348A86C6F2B}.Release|Any CPU.ActiveCfg = Release|Any CPU
		{9B46F068-7B05-4FEA-A132-D348A86C6F2B}.Release|Any CPU.Build.0 = Release|Any CPU
		{0F34CAD9-18B8-4236-B887-33CA0D8F3959}.Debug|Any CPU.ActiveCfg = Debug|Any CPU
		{0F34CAD9-18B8-4236-B887-33CA0D8F3959}.Debug|Any CPU.Build.0 = Debug|Any CPU
		{0F34CAD9-18B8-4236-B887-33CA0D8F3959}.Release|Any CPU.ActiveCfg = Release|Any CPU
		{0F34CAD9-18B8-4236-B887-33CA0D8F3959}.Release|Any CPU.Build.0 = Release|Any CPU
	EndGlobalSection
	GlobalSection(SolutionProperties) = preSolution
		HideSolutionNode = FALSE
	EndGlobalSection
	GlobalSection(ExtensibilityGlobals) = postSolution
		SolutionGuid = {AA1A00DE-2333-4619-B189-6A8C8E3FD347}
	EndGlobalSection
EndGlobal
