
Microsoft Visual Studio Solution File, Format Version 12.00
# Visual Studio Version 17
VisualStudioVersion = 17.0.31611.283
MinimumVisualStudioVersion = 10.0.40219.1
Project("{9A19103F-16F7-4668-BE54-9A1E7A4F7556}") = "Ab4d.SharpEngine.Samples.Maui", "Ab4d.SharpEngine.Samples.Maui\Ab4d.SharpEngine.Samples.Maui.csproj", "{6A982980-06F9-4CAE-BBE7-2A6D62F572BF}"
EndProject
Project("{9A19103F-16F7-4668-BE54-9A1E7A4F7556}") = "Ab4d.SharpEngine", "..\..\My\Ab4d\SharpEngine\Ab4d.SharpEngine\Ab4d.SharpEngine.csproj", "{0CDA99A5-B613-4D4A-816F-79EC8D9CEB30}"
EndProject
Global
	GlobalSection(SolutionConfigurationPlatforms) = preSolution
		Debug|Any CPU = Debug|Any CPU
		Release|Any CPU = Release|Any CPU
	EndGlobalSection
	GlobalSection(ProjectConfigurationPlatforms) = postSolution
		{6A982980-06F9-4CAE-BBE7-2A6D62F572BF}.Debug|Any CPU.ActiveCfg = Debug|Any CPU
		{6A982980-06F9-4CAE-BBE7-2A6D62F572BF}.Debug|Any CPU.Build.0 = Debug|Any CPU
		{6A982980-06F9-4CAE-BBE7-2A6D62F572BF}.Debug|Any CPU.Deploy.0 = Debug|Any CPU
		{6A982980-06F9-4CAE-BBE7-2A6D62F572BF}.Release|Any CPU.ActiveCfg = Release|Any CPU
		{6A982980-06F9-4CAE-BBE7-2A6D62F572BF}.Release|Any CPU.Build.0 = Release|Any CPU
		{6A982980-06F9-4CAE-BBE7-2A6D62F572BF}.Release|Any CPU.Deploy.0 = Release|Any CPU
		{0CDA99A5-B613-4D4A-816F-79EC8D9CEB30}.Debug|Any CPU.ActiveCfg = Debug|Any CPU
		{0CDA99A5-B613-4D4A-816F-79EC8D9CEB30}.Debug|Any CPU.Build.0 = Debug|Any CPU
		{0CDA99A5-B613-4D4A-816F-79EC8D9CEB30}.Release|Any CPU.ActiveCfg = Release|Any CPU
		{0CDA99A5-B613-4D4A-816F-79EC8D9CEB30}.Release|Any CPU.Build.0 = Release|Any CPU
	EndGlobalSection
	GlobalSection(SolutionProperties) = preSolution
		HideSolutionNode = FALSE
	EndGlobalSection
	GlobalSection(ExtensibilityGlobals) = postSolution
		SolutionGuid = {61F7FB11-1E47-470C-91E2-47F8143E1572}
	EndGlobalSection
EndGlobal
