
Microsoft Visual Studio Solution File, Format Version 12.00
# Visual Studio Version 17
VisualStudioVersion = 17.2.32602.215
MinimumVisualStudioVersion = 10.0.40219.1
Project("{9A19103F-16F7-4668-BE54-9A1E7A4F7556}") = "Ab4d.SharpEngine.Samples.AvaloniaUI", "Ab4d.SharpEngine.Samples.AvaloniaUI\Ab4d.SharpEngine.Samples.AvaloniaUI.VulkanBackend.csproj", "{E370BC2C-04BB-4080-97AE-5F30671EB8A4}"
EndProject
Project("{9A19103F-16F7-4668-BE54-9A1E7A4F7556}") = "Ab4d.SharpEngine.Samples.Common", "Ab4d.SharpEngine.Samples.Common\Ab4d.SharpEngine.Samples.Common.csproj", "{096F0E8A-A19E-4412-8D96-C2705BCA5AEE}"
EndProject
Global
	GlobalSection(SolutionConfigurationPlatforms) = preSolution
		Debug|Any CPU = Debug|Any CPU
		Release|Any CPU = Release|Any CPU
	EndGlobalSection
	GlobalSection(ProjectConfigurationPlatforms) = postSolution
		{E370BC2C-04BB-4080-97AE-5F30671EB8A4}.Debug|Any CPU.ActiveCfg = Debug|Any CPU
		{E370BC2C-04BB-4080-97AE-5F30671EB8A4}.Debug|Any CPU.Build.0 = Debug|Any CPU
		{E370BC2C-04BB-4080-97AE-5F30671EB8A4}.Release|Any CPU.ActiveCfg = Release|Any CPU
		{E370BC2C-04BB-4080-97AE-5F30671EB8A4}.Release|Any CPU.Build.0 = Release|Any CPU
		{096F0E8A-A19E-4412-8D96-C2705BCA5AEE}.Debug|Any CPU.ActiveCfg = Debug|Any CPU
		{096F0E8A-A19E-4412-8D96-C2705BCA5AEE}.Debug|Any CPU.Build.0 = Debug|Any CPU
		{096F0E8A-A19E-4412-8D96-C2705BCA5AEE}.Release|Any CPU.ActiveCfg = Release|Any CPU
		{096F0E8A-A19E-4412-8D96-C2705BCA5AEE}.Release|Any CPU.Build.0 = Release|Any CPU
	EndGlobalSection
	GlobalSection(SolutionProperties) = preSolution
		HideSolutionNode = FALSE
	EndGlobalSection
	GlobalSection(ExtensibilityGlobals) = postSolution
		SolutionGuid = {CFCDBCAB-0775-4BA6-B91F-FE99167E638B}
	EndGlobalSection
EndGlobal
