
Microsoft Visual Studio Solution File, Format Version 12.00
# Visual Studio Version 17
VisualStudioVersion = 17.0.31912.275
MinimumVisualStudioVersion = 17.0.7.1
Project("{9A19103F-16F7-4668-BE54-9A1E7A4F7556}") = "Ab4d.SharpEngine.Samples.Wpf", "Ab4d.SharpEngine.Samples.Wpf\Ab4d.SharpEngine.Samples.Wpf.csproj", "{7A8E6285-54B7-400A-9E21-9D6B900753D6}"
EndProject
Project("{9A19103F-16F7-4668-BE54-9A1E7A4F7556}") = "Ab4d.SharpEngine.Diagnostics.Wpf", "Ab4d.SharpEngine.Diagnostics.Wpf\Ab4d.SharpEngine.Diagnostics.Wpf.csproj", "{F08A4483-C268-4931-A481-0AE4AE9E4E74}"
EndProject
Global
	GlobalSection(SolutionConfigurationPlatforms) = preSolution
		Debug|Any CPU = Debug|Any CPU
		Release|Any CPU = Release|Any CPU
	EndGlobalSection
	GlobalSection(ProjectConfigurationPlatforms) = postSolution
		{7A8E6285-54B7-400A-9E21-9D6B900753D6}.Debug|Any CPU.ActiveCfg = Debug|Any CPU
		{7A8E6285-54B7-400A-9E21-9D6B900753D6}.Debug|Any CPU.Build.0 = Debug|Any CPU
		{7A8E6285-54B7-400A-9E21-9D6B900753D6}.Release|Any CPU.ActiveCfg = Release|Any CPU
		{7A8E6285-54B7-400A-9E21-9D6B900753D6}.Release|Any CPU.Build.0 = Release|Any CPU
		{F08A4483-C268-4931-A481-0AE4AE9E4E74}.Debug|Any CPU.ActiveCfg = Debug|Any CPU
		{F08A4483-C268-4931-A481-0AE4AE9E4E74}.Debug|Any CPU.Build.0 = Debug|Any CPU
		{F08A4483-C268-4931-A481-0AE4AE9E4E74}.Release|Any CPU.ActiveCfg = Release|Any CPU
		{F08A4483-C268-4931-A481-0AE4AE9E4E74}.Release|Any CPU.Build.0 = Release|Any CPU
	EndGlobalSection
	GlobalSection(SolutionProperties) = preSolution
		HideSolutionNode = FALSE
	EndGlobalSection
	GlobalSection(ExtensibilityGlobals) = postSolution
		SolutionGuid = {AA1A00DE-2333-4619-B189-6A8C8E3FD347}
	EndGlobalSection
EndGlobal
